
Microsoft Visual Studio Solution File, Format Version 12.00
# Visual Studio Version 17
VisualStudioVersion = 17.4.33213.308
MinimumVisualStudioVersion = 10.0.40219.1
Project("{9A19103F-16F7-4668-BE54-9A1E7A4F7556}") = "01. Sum Adjacent Equal Numbers", "01. Sum Adjacent Equal Numbers\01. Sum Adjacent Equal Numbers.csproj", "{92D5061C-D9B0-4001-B4FD-B48C59884EB2}"
EndProject
Project("{9A19103F-16F7-4668-BE54-9A1E7A4F7556}") = "02. Gauss' Trick", "02. Gauss' Trick\02. Gauss' Trick.csproj", "{2B609855-3CDB-4848-9D0C-08CE96A4F1AC}"
EndProject
Project("{9A19103F-16F7-4668-BE54-9A1E7A4F7556}") = "03. Merging Lists", "03. Merging Lists\03. Merging Lists.csproj", "{12A2F78E-9ADE-4263-A690-F8915AE70B98}"
EndProject
Project("{9A19103F-16F7-4668-BE54-9A1E7A4F7556}") = "04. List of Products", "04. List of Products\04. List of Products.csproj", "{10F19253-6A06-4E9F-A374-539E428A28B5}"
EndProject
Project("{9A19103F-16F7-4668-BE54-9A1E7A4F7556}") = "05. Remove Negatives and Reverse", "05. Remove Negatives and Reverse\05. Remove Negatives and Reverse.csproj", "{732E729F-F789-4D57-ABC3-BC38F136DEF2}"
EndProject
Project("{9A19103F-16F7-4668-BE54-9A1E7A4F7556}") = "07. List Manipulation Advanced", "07. List Manipulation Advanced\07. List Manipulation Advanced.csproj", "{413CA0D6-2FF1-4837-B9A6-B0A7B49D1554}"
EndProject
Project("{9A19103F-16F7-4668-BE54-9A1E7A4F7556}") = "06. List Manipulation Basics", "06. List Manipulation Basics\06. List Manipulation Basics.csproj", "{CBC0353F-8D8E-47DB-BF10-199F4A007DBC}"
EndProject
Project("{FAE04EC0-301F-11D3-BF4B-00C04F79EFBC}") = "08. 7. List Manipulation Advanced(Optimized)", "08. 7. List Manipulation Advanced(Optimized)\08. 7. List Manipulation Advanced(Optimized).csproj", "{064F9F59-1865-46DB-84D4-5A9B5551FC2C}"
EndProject
Project("{FAE04EC0-301F-11D3-BF4B-00C04F79EFBC}") = "09. Demo", "09. Demo\09. Demo.csproj", "{DFE54C59-8075-4F3C-91B8-337D71CBD7AD}"
EndProject
Global
	GlobalSection(SolutionConfigurationPlatforms) = preSolution
		Debug|Any CPU = Debug|Any CPU
		Release|Any CPU = Release|Any CPU
	EndGlobalSection
	GlobalSection(ProjectConfigurationPlatforms) = postSolution
		{92D5061C-D9B0-4001-B4FD-B48C59884EB2}.Debug|Any CPU.ActiveCfg = Debug|Any CPU
		{92D5061C-D9B0-4001-B4FD-B48C59884EB2}.Debug|Any CPU.Build.0 = Debug|Any CPU
		{92D5061C-D9B0-4001-B4FD-B48C59884EB2}.Release|Any CPU.ActiveCfg = Release|Any CPU
		{92D5061C-D9B0-4001-B4FD-B48C59884EB2}.Release|Any CPU.Build.0 = Release|Any CPU
		{2B609855-3CDB-4848-9D0C-08CE96A4F1AC}.Debug|Any CPU.ActiveCfg = Debug|Any CPU
		{2B609855-3CDB-4848-9D0C-08CE96A4F1AC}.Debug|Any CPU.Build.0 = Debug|Any CPU
		{2B609855-3CDB-4848-9D0C-08CE96A4F1AC}.Release|Any CPU.ActiveCfg = Release|Any CPU
		{2B609855-3CDB-4848-9D0C-08CE96A4F1AC}.Release|Any CPU.Build.0 = Release|Any CPU
		{12A2F78E-9ADE-4263-A690-F8915AE70B98}.Debug|Any CPU.ActiveCfg = Debug|Any CPU
		{12A2F78E-9ADE-4263-A690-F8915AE70B98}.Debug|Any CPU.Build.0 = Debug|Any CPU
		{12A2F78E-9ADE-4263-A690-F8915AE70B98}.Release|Any CPU.ActiveCfg = Release|Any CPU
		{12A2F78E-9ADE-4263-A690-F8915AE70B98}.Release|Any CPU.Build.0 = Release|Any CPU
		{10F19253-6A06-4E9F-A374-539E428A28B5}.Debug|Any CPU.ActiveCfg = Debug|Any CPU
		{10F19253-6A06-4E9F-A374-539E428A28B5}.Debug|Any CPU.Build.0 = Debug|Any CPU
		{10F19253-6A06-4E9F-A374-539E428A28B5}.Release|Any CPU.ActiveCfg = Release|Any CPU
		{10F19253-6A06-4E9F-A374-539E428A28B5}.Release|Any CPU.Build.0 = Release|Any CPU
		{732E729F-F789-4D57-ABC3-BC38F136DEF2}.Debug|Any CPU.ActiveCfg = Debug|Any CPU
		{732E729F-F789-4D57-ABC3-BC38F136DEF2}.Debug|Any CPU.Build.0 = Debug|Any CPU
		{732E729F-F789-4D57-ABC3-BC38F136DEF2}.Release|Any CPU.ActiveCfg = Release|Any CPU
		{732E729F-F789-4D57-ABC3-BC38F136DEF2}.Release|Any CPU.Build.0 = Release|Any CPU
		{413CA0D6-2FF1-4837-B9A6-B0A7B49D1554}.Debug|Any CPU.ActiveCfg = Debug|Any CPU
		{413CA0D6-2FF1-4837-B9A6-B0A7B49D1554}.Debug|Any CPU.Build.0 = Debug|Any CPU
		{413CA0D6-2FF1-4837-B9A6-B0A7B49D1554}.Release|Any CPU.ActiveCfg = Release|Any CPU
		{413CA0D6-2FF1-4837-B9A6-B0A7B49D1554}.Release|Any CPU.Build.0 = Release|Any CPU
		{CBC0353F-8D8E-47DB-BF10-199F4A007DBC}.Debug|Any CPU.ActiveCfg = Debug|Any CPU
		{CBC0353F-8D8E-47DB-BF10-199F4A007DBC}.Debug|Any CPU.Build.0 = Debug|Any CPU
		{CBC0353F-8D8E-47DB-BF10-199F4A007DBC}.Release|Any CPU.ActiveCfg = Release|Any CPU
		{CBC0353F-8D8E-47DB-BF10-199F4A007DBC}.Release|Any CPU.Build.0 = Release|Any CPU
		{064F9F59-1865-46DB-84D4-5A9B5551FC2C}.Debug|Any CPU.ActiveCfg = Debug|Any CPU
		{064F9F59-1865-46DB-84D4-5A9B5551FC2C}.Debug|Any CPU.Build.0 = Debug|Any CPU
		{064F9F59-1865-46DB-84D4-5A9B5551FC2C}.Release|Any CPU.ActiveCfg = Release|Any CPU
		{064F9F59-1865-46DB-84D4-5A9B5551FC2C}.Release|Any CPU.Build.0 = Release|Any CPU
		{DFE54C59-8075-4F3C-91B8-337D71CBD7AD}.Debug|Any CPU.ActiveCfg = Debug|Any CPU
		{DFE54C59-8075-4F3C-91B8-337D71CBD7AD}.Debug|Any CPU.Build.0 = Debug|Any CPU
		{DFE54C59-8075-4F3C-91B8-337D71CBD7AD}.Release|Any CPU.ActiveCfg = Release|Any CPU
		{DFE54C59-8075-4F3C-91B8-337D71CBD7AD}.Release|Any CPU.Build.0 = Release|Any CPU
	EndGlobalSection
	GlobalSection(SolutionProperties) = preSolution
		HideSolutionNode = FALSE
	EndGlobalSection
	GlobalSection(ExtensibilityGlobals) = postSolution
		SolutionGuid = {77841C9B-BEA0-42BF-BD08-4DB21B4D9259}
	EndGlobalSection
EndGlobal
