
Microsoft Visual Studio Solution File, Format Version 12.00
# Visual Studio Version 17
VisualStudioVersion = 17.4.33213.308
MinimumVisualStudioVersion = 10.0.40219.1
Project("{FAE04EC0-301F-11D3-BF4B-00C04F79EFBC}") = "01. Randomize Words", "01. Randomize Words\01. Randomize Words.csproj", "{80BD1A37-C2F8-4FF5-8BD9-2B26FA45F0FF}"
EndProject
Project("{FAE04EC0-301F-11D3-BF4B-00C04F79EFBC}") = "02. Big Factorial", "02. Big Factorial\02. Big Factorial.csproj", "{5E84AAC9-4C7D-49B7-98C2-37520BD1C264}"
EndProject
Project("{FAE04EC0-301F-11D3-BF4B-00C04F79EFBC}") = "03. Songs", "03. Songs\03. Songs.csproj", "{DB037E35-BA0D-4E91-B0F1-6C5A7179FED5}"
EndProject
Project("{FAE04EC0-301F-11D3-BF4B-00C04F79EFBC}") = "04. Students", "04. Students\04. Students.csproj", "{6957AE52-8A95-49D0-A42F-7D3DEA79E468}"
EndProject
Project("{FAE04EC0-301F-11D3-BF4B-00C04F79EFBC}") = "05. Students 2.0", "05. Students 2.0\05. Students 2.0.csproj", "{CA97DEAD-8CBE-45BC-B0A8-C895E183D15A}"
EndProject
Project("{FAE04EC0-301F-11D3-BF4B-00C04F79EFBC}") = "06. Store Boxes", "06. Store Boxes\06. Store Boxes.csproj", "{E6919BE0-DA20-4ABE-B4E1-65F771A1D04D}"
EndProject
Project("{FAE04EC0-301F-11D3-BF4B-00C04F79EFBC}") = "07. Vehicle Catalogue", "07. Vehicle Catalogue\07. Vehicle Catalogue.csproj", "{9E9565BC-C06A-4E99-A943-CD76188A257E}"
EndProject
Global
	GlobalSection(SolutionConfigurationPlatforms) = preSolution
		Debug|Any CPU = Debug|Any CPU
		Release|Any CPU = Release|Any CPU
	EndGlobalSection
	GlobalSection(ProjectConfigurationPlatforms) = postSolution
		{80BD1A37-C2F8-4FF5-8BD9-2B26FA45F0FF}.Debug|Any CPU.ActiveCfg = Debug|Any CPU
		{80BD1A37-C2F8-4FF5-8BD9-2B26FA45F0FF}.Debug|Any CPU.Build.0 = Debug|Any CPU
		{80BD1A37-C2F8-4FF5-8BD9-2B26FA45F0FF}.Release|Any CPU.ActiveCfg = Release|Any CPU
		{80BD1A37-C2F8-4FF5-8BD9-2B26FA45F0FF}.Release|Any CPU.Build.0 = Release|Any CPU
		{5E84AAC9-4C7D-49B7-98C2-37520BD1C264}.Debug|Any CPU.ActiveCfg = Debug|Any CPU
		{5E84AAC9-4C7D-49B7-98C2-37520BD1C264}.Debug|Any CPU.Build.0 = Debug|Any CPU
		{5E84AAC9-4C7D-49B7-98C2-37520BD1C264}.Release|Any CPU.ActiveCfg = Release|Any CPU
		{5E84AAC9-4C7D-49B7-98C2-37520BD1C264}.Release|Any CPU.Build.0 = Release|Any CPU
		{DB037E35-BA0D-4E91-B0F1-6C5A7179FED5}.Debug|Any CPU.ActiveCfg = Debug|Any CPU
		{DB037E35-BA0D-4E91-B0F1-6C5A7179FED5}.Debug|Any CPU.Build.0 = Debug|Any CPU
		{DB037E35-BA0D-4E91-B0F1-6C5A7179FED5}.Release|Any CPU.ActiveCfg = Release|Any CPU
		{DB037E35-BA0D-4E91-B0F1-6C5A7179FED5}.Release|Any CPU.Build.0 = Release|Any CPU
		{6957AE52-8A95-49D0-A42F-7D3DEA79E468}.Debug|Any CPU.ActiveCfg = Debug|Any CPU
		{6957AE52-8A95-49D0-A42F-7D3DEA79E468}.Debug|Any CPU.Build.0 = Debug|Any CPU
		{6957AE52-8A95-49D0-A42F-7D3DEA79E468}.Release|Any CPU.ActiveCfg = Release|Any CPU
		{6957AE52-8A95-49D0-A42F-7D3DEA79E468}.Release|Any CPU.Build.0 = Release|Any CPU
		{CA97DEAD-8CBE-45BC-B0A8-C895E183D15A}.Debug|Any CPU.ActiveCfg = Debug|Any CPU
		{CA97DEAD-8CBE-45BC-B0A8-C895E183D15A}.Debug|Any CPU.Build.0 = Debug|Any CPU
		{CA97DEAD-8CBE-45BC-B0A8-C895E183D15A}.Release|Any CPU.ActiveCfg = Release|Any CPU
		{CA97DEAD-8CBE-45BC-B0A8-C895E183D15A}.Release|Any CPU.Build.0 = Release|Any CPU
		{E6919BE0-DA20-4ABE-B4E1-65F771A1D04D}.Debug|Any CPU.ActiveCfg = Debug|Any CPU
		{E6919BE0-DA20-4ABE-B4E1-65F771A1D04D}.Debug|Any CPU.Build.0 = Debug|Any CPU
		{E6919BE0-DA20-4ABE-B4E1-65F771A1D04D}.Release|Any CPU.ActiveCfg = Release|Any CPU
		{E6919BE0-DA20-4ABE-B4E1-65F771A1D04D}.Release|Any CPU.Build.0 = Release|Any CPU
		{9E9565BC-C06A-4E99-A943-CD76188A257E}.Debug|Any CPU.ActiveCfg = Debug|Any CPU
		{9E9565BC-C06A-4E99-A943-CD76188A257E}.Debug|Any CPU.Build.0 = Debug|Any CPU
		{9E9565BC-C06A-4E99-A943-CD76188A257E}.Release|Any CPU.ActiveCfg = Release|Any CPU
		{9E9565BC-C06A-4E99-A943-CD76188A257E}.Release|Any CPU.Build.0 = Release|Any CPU
	EndGlobalSection
	GlobalSection(SolutionProperties) = preSolution
		HideSolutionNode = FALSE
	EndGlobalSection
	GlobalSection(ExtensibilityGlobals) = postSolution
		SolutionGuid = {BA0D4912-E0EB-4C64-8C5B-4BF244C5AEA0}
	EndGlobalSection
EndGlobal
