
Microsoft Visual Studio Solution File, Format Version 12.00
# Visual Studio Version 17
VisualStudioVersion = 17.4.33213.308
MinimumVisualStudioVersion = 10.0.40219.1
Project("{FAE04EC0-301F-11D3-BF4B-00C04F79EFBC}") = "01. The Biscuit Factory", "01. The Biscuit Factory\01. The Biscuit Factory.csproj", "{2562EEEA-ADC4-42F7-AEA0-A3A76BDC94B2}"
EndProject
Project("{FAE04EC0-301F-11D3-BF4B-00C04F79EFBC}") = "02. Coffee Lover", "02. Coffee Lover\02. Coffee Lover.csproj", "{A8CCB6A1-9F20-46B2-A32A-9E84FB97B9E3}"
EndProject
Project("{FAE04EC0-301F-11D3-BF4B-00C04F79EFBC}") = "03. Phone Shop", "03. Phone Shop\03. Phone Shop.csproj", "{392A4ACC-03EC-479C-B053-E1A6CF57659A}"
EndProject
Global
	GlobalSection(SolutionConfigurationPlatforms) = preSolution
		Debug|Any CPU = Debug|Any CPU
		Release|Any CPU = Release|Any CPU
	EndGlobalSection
	GlobalSection(ProjectConfigurationPlatforms) = postSolution
		{2562EEEA-ADC4-42F7-AEA0-A3A76BDC94B2}.Debug|Any CPU.ActiveCfg = Debug|Any CPU
		{2562EEEA-ADC4-42F7-AEA0-A3A76BDC94B2}.Debug|Any CPU.Build.0 = Debug|Any CPU
		{2562EEEA-ADC4-42F7-AEA0-A3A76BDC94B2}.Release|Any CPU.ActiveCfg = Release|Any CPU
		{2562EEEA-ADC4-42F7-AEA0-A3A76BDC94B2}.Release|Any CPU.Build.0 = Release|Any CPU
		{A8CCB6A1-9F20-46B2-A32A-9E84FB97B9E3}.Debug|Any CPU.ActiveCfg = Debug|Any CPU
		{A8CCB6A1-9F20-46B2-A32A-9E84FB97B9E3}.Debug|Any CPU.Build.0 = Debug|Any CPU
		{A8CCB6A1-9F20-46B2-A32A-9E84FB97B9E3}.Release|Any CPU.ActiveCfg = Release|Any CPU
		{A8CCB6A1-9F20-46B2-A32A-9E84FB97B9E3}.Release|Any CPU.Build.0 = Release|Any CPU
		{392A4ACC-03EC-479C-B053-E1A6CF57659A}.Debug|Any CPU.ActiveCfg = Debug|Any CPU
		{392A4ACC-03EC-479C-B053-E1A6CF57659A}.Debug|Any CPU.Build.0 = Debug|Any CPU
		{392A4ACC-03EC-479C-B053-E1A6CF57659A}.Release|Any CPU.ActiveCfg = Release|Any CPU
		{392A4ACC-03EC-479C-B053-E1A6CF57659A}.Release|Any CPU.Build.0 = Release|Any CPU
	EndGlobalSection
	GlobalSection(SolutionProperties) = preSolution
		HideSolutionNode = FALSE
	EndGlobalSection
	GlobalSection(ExtensibilityGlobals) = postSolution
		SolutionGuid = {BA5F4946-240C-4C45-9F67-566C14332845}
	EndGlobalSection
EndGlobal
