
Microsoft Visual Studio Solution File, Format Version 12.00
# Visual Studio Version 17
VisualStudioVersion = 17.5.33424.131
MinimumVisualStudioVersion = 10.0.40219.1
Project("{FAE04EC0-301F-11D3-BF4B-00C04F79EFBC}") = "01. Ranking", "01. Ranking\01. Ranking.csproj", "{7FF8101A-0A86-4259-AC7C-BABE8F566702}"
EndProject
Project("{FAE04EC0-301F-11D3-BF4B-00C04F79EFBC}") = "02. Judge", "02. Judge\02. Judge.csproj", "{27CBD3CB-E6AF-47F5-84C7-C02AC1228BBC}"
EndProject
Project("{FAE04EC0-301F-11D3-BF4B-00C04F79EFBC}") = "03. MOBA Challenger", "03. MOBA Challenger\03. MOBA Challenger.csproj", "{453B94CB-EFE3-46AB-BE22-21D09ECA96F0}"
EndProject
Project("{FAE04EC0-301F-11D3-BF4B-00C04F79EFBC}") = "04. Snowwhite", "04. Snowwhite\04. Snowwhite.csproj", "{3AAE5982-C324-4A64-B439-1DAD4B7D94AE}"
EndProject
Project("{FAE04EC0-301F-11D3-BF4B-00C04F79EFBC}") = "05. Dragon Army", "05. Dragon Army\05. Dragon Army.csproj", "{B6A41CA2-1382-4212-B3D2-80E74D59F72E}"
EndProject
Global
	GlobalSection(SolutionConfigurationPlatforms) = preSolution
		Debug|Any CPU = Debug|Any CPU
		Release|Any CPU = Release|Any CPU
	EndGlobalSection
	GlobalSection(ProjectConfigurationPlatforms) = postSolution
		{7FF8101A-0A86-4259-AC7C-BABE8F566702}.Debug|Any CPU.ActiveCfg = Debug|Any CPU
		{7FF8101A-0A86-4259-AC7C-BABE8F566702}.Debug|Any CPU.Build.0 = Debug|Any CPU
		{7FF8101A-0A86-4259-AC7C-BABE8F566702}.Release|Any CPU.ActiveCfg = Release|Any CPU
		{7FF8101A-0A86-4259-AC7C-BABE8F566702}.Release|Any CPU.Build.0 = Release|Any CPU
		{27CBD3CB-E6AF-47F5-84C7-C02AC1228BBC}.Debug|Any CPU.ActiveCfg = Debug|Any CPU
		{27CBD3CB-E6AF-47F5-84C7-C02AC1228BBC}.Debug|Any CPU.Build.0 = Debug|Any CPU
		{27CBD3CB-E6AF-47F5-84C7-C02AC1228BBC}.Release|Any CPU.ActiveCfg = Release|Any CPU
		{27CBD3CB-E6AF-47F5-84C7-C02AC1228BBC}.Release|Any CPU.Build.0 = Release|Any CPU
		{453B94CB-EFE3-46AB-BE22-21D09ECA96F0}.Debug|Any CPU.ActiveCfg = Debug|Any CPU
		{453B94CB-EFE3-46AB-BE22-21D09ECA96F0}.Debug|Any CPU.Build.0 = Debug|Any CPU
		{453B94CB-EFE3-46AB-BE22-21D09ECA96F0}.Release|Any CPU.ActiveCfg = Release|Any CPU
		{453B94CB-EFE3-46AB-BE22-21D09ECA96F0}.Release|Any CPU.Build.0 = Release|Any CPU
		{3AAE5982-C324-4A64-B439-1DAD4B7D94AE}.Debug|Any CPU.ActiveCfg = Debug|Any CPU
		{3AAE5982-C324-4A64-B439-1DAD4B7D94AE}.Debug|Any CPU.Build.0 = Debug|Any CPU
		{3AAE5982-C324-4A64-B439-1DAD4B7D94AE}.Release|Any CPU.ActiveCfg = Release|Any CPU
		{3AAE5982-C324-4A64-B439-1DAD4B7D94AE}.Release|Any CPU.Build.0 = Release|Any CPU
		{B6A41CA2-1382-4212-B3D2-80E74D59F72E}.Debug|Any CPU.ActiveCfg = Debug|Any CPU
		{B6A41CA2-1382-4212-B3D2-80E74D59F72E}.Debug|Any CPU.Build.0 = Debug|Any CPU
		{B6A41CA2-1382-4212-B3D2-80E74D59F72E}.Release|Any CPU.ActiveCfg = Release|Any CPU
		{B6A41CA2-1382-4212-B3D2-80E74D59F72E}.Release|Any CPU.Build.0 = Release|Any CPU
	EndGlobalSection
	GlobalSection(SolutionProperties) = preSolution
		HideSolutionNode = FALSE
	EndGlobalSection
	GlobalSection(ExtensibilityGlobals) = postSolution
		SolutionGuid = {0006F705-0F36-4E65-B369-55232B7763C1}
	EndGlobalSection
EndGlobal
