
Microsoft Visual Studio Solution File, Format Version 12.00
# Visual Studio Version 17
VisualStudioVersion = 17.5.33424.131
MinimumVisualStudioVersion = 10.0.40219.1
Project("{FAE04EC0-301F-11D3-BF4B-00C04F79EFBC}") = "01. Activation Keys", "01. Activation Keys\01. Activation Keys.csproj", "{521F70D2-95C6-47C5-AB91-D47C408F9B2B}"
EndProject
Project("{FAE04EC0-301F-11D3-BF4B-00C04F79EFBC}") = "02. Emoji Detector", "02. Emoji Detector\02. Emoji Detector.csproj", "{C13239A2-486F-482F-875F-C0B4C986F695}"
EndProject
Project("{FAE04EC0-301F-11D3-BF4B-00C04F79EFBC}") = "03. P!rates", "03. P!rates\03. P!rates.csproj", "{FCABA648-9BA8-43D2-857A-401570F4BD6A}"
EndProject
Global
	GlobalSection(SolutionConfigurationPlatforms) = preSolution
		Debug|Any CPU = Debug|Any CPU
		Release|Any CPU = Release|Any CPU
	EndGlobalSection
	GlobalSection(ProjectConfigurationPlatforms) = postSolution
		{521F70D2-95C6-47C5-AB91-D47C408F9B2B}.Debug|Any CPU.ActiveCfg = Debug|Any CPU
		{521F70D2-95C6-47C5-AB91-D47C408F9B2B}.Debug|Any CPU.Build.0 = Debug|Any CPU
		{521F70D2-95C6-47C5-AB91-D47C408F9B2B}.Release|Any CPU.ActiveCfg = Release|Any CPU
		{521F70D2-95C6-47C5-AB91-D47C408F9B2B}.Release|Any CPU.Build.0 = Release|Any CPU
		{C13239A2-486F-482F-875F-C0B4C986F695}.Debug|Any CPU.ActiveCfg = Debug|Any CPU
		{C13239A2-486F-482F-875F-C0B4C986F695}.Debug|Any CPU.Build.0 = Debug|Any CPU
		{C13239A2-486F-482F-875F-C0B4C986F695}.Release|Any CPU.ActiveCfg = Release|Any CPU
		{C13239A2-486F-482F-875F-C0B4C986F695}.Release|Any CPU.Build.0 = Release|Any CPU
		{FCABA648-9BA8-43D2-857A-401570F4BD6A}.Debug|Any CPU.ActiveCfg = Debug|Any CPU
		{FCABA648-9BA8-43D2-857A-401570F4BD6A}.Debug|Any CPU.Build.0 = Debug|Any CPU
		{FCABA648-9BA8-43D2-857A-401570F4BD6A}.Release|Any CPU.ActiveCfg = Release|Any CPU
		{FCABA648-9BA8-43D2-857A-401570F4BD6A}.Release|Any CPU.Build.0 = Release|Any CPU
	EndGlobalSection
	GlobalSection(SolutionProperties) = preSolution
		HideSolutionNode = FALSE
	EndGlobalSection
	GlobalSection(ExtensibilityGlobals) = postSolution
		SolutionGuid = {6F53A3AC-5C4C-4C41-804C-F5BF7872091E}
	EndGlobalSection
EndGlobal
