
Microsoft Visual Studio Solution File, Format Version 12.00
# Visual Studio Version 17
VisualStudioVersion = 17.4.33213.308
MinimumVisualStudioVersion = 10.0.40219.1
Project("{FAE04EC0-301F-11D3-BF4B-00C04F79EFBC}") = "01. Bonus Scoring System", "01. Bonus Scoring System\01. Bonus Scoring System.csproj", "{9E35187C-A1AC-4A4E-ADF2-3C59221A458F}"
EndProject
Project("{FAE04EC0-301F-11D3-BF4B-00C04F79EFBC}") = "02. MuOnline", "02. MuOnline\02. MuOnline.csproj", "{510D268D-5286-48AC-99ED-570CE461AF0D}"
EndProject
Project("{FAE04EC0-301F-11D3-BF4B-00C04F79EFBC}") = "03. Inventory", "03. Inventory\03. Inventory.csproj", "{5C912144-6B90-471A-8934-52961540ACFF}"
EndProject
Global
	GlobalSection(SolutionConfigurationPlatforms) = preSolution
		Debug|Any CPU = Debug|Any CPU
		Release|Any CPU = Release|Any CPU
	EndGlobalSection
	GlobalSection(ProjectConfigurationPlatforms) = postSolution
		{9E35187C-A1AC-4A4E-ADF2-3C59221A458F}.Debug|Any CPU.ActiveCfg = Debug|Any CPU
		{9E35187C-A1AC-4A4E-ADF2-3C59221A458F}.Debug|Any CPU.Build.0 = Debug|Any CPU
		{9E35187C-A1AC-4A4E-ADF2-3C59221A458F}.Release|Any CPU.ActiveCfg = Release|Any CPU
		{9E35187C-A1AC-4A4E-ADF2-3C59221A458F}.Release|Any CPU.Build.0 = Release|Any CPU
		{510D268D-5286-48AC-99ED-570CE461AF0D}.Debug|Any CPU.ActiveCfg = Debug|Any CPU
		{510D268D-5286-48AC-99ED-570CE461AF0D}.Debug|Any CPU.Build.0 = Debug|Any CPU
		{510D268D-5286-48AC-99ED-570CE461AF0D}.Release|Any CPU.ActiveCfg = Release|Any CPU
		{510D268D-5286-48AC-99ED-570CE461AF0D}.Release|Any CPU.Build.0 = Release|Any CPU
		{5C912144-6B90-471A-8934-52961540ACFF}.Debug|Any CPU.ActiveCfg = Debug|Any CPU
		{5C912144-6B90-471A-8934-52961540ACFF}.Debug|Any CPU.Build.0 = Debug|Any CPU
		{5C912144-6B90-471A-8934-52961540ACFF}.Release|Any CPU.ActiveCfg = Release|Any CPU
		{5C912144-6B90-471A-8934-52961540ACFF}.Release|Any CPU.Build.0 = Release|Any CPU
	EndGlobalSection
	GlobalSection(SolutionProperties) = preSolution
		HideSolutionNode = FALSE
	EndGlobalSection
	GlobalSection(ExtensibilityGlobals) = postSolution
		SolutionGuid = {4DFBD78A-DAF4-46EC-B460-0321957C8200}
	EndGlobalSection
EndGlobal
