
Microsoft Visual Studio Solution File, Format Version 12.00
# Visual Studio Version 17
VisualStudioVersion = 17.5.33424.131
MinimumVisualStudioVersion = 10.0.40219.1
Project("{9A19103F-16F7-4668-BE54-9A1E7A4F7556}") = "01. Santa's Cookies", "01. Santa's Cookies\01. Santa's Cookies.csproj", "{DDF744E9-A6A1-46A4-82CC-37607C35939C}"
EndProject
Project("{9A19103F-16F7-4668-BE54-9A1E7A4F7556}") = "02. Santa's Gifts", "02. Santa's Gifts\02. Santa's Gifts.csproj", "{C61CF873-70DB-41CE-BF60-378505E0461A}"
EndProject
Project("{FAE04EC0-301F-11D3-BF4B-00C04F79EFBC}") = "03. Santa's Secret Helper", "03. Santa's Secret Helper\03. Santa's Secret Helper.csproj", "{2D8657CE-51C0-4057-AF38-FB1D62DCF7A9}"
EndProject
Project("{FAE04EC0-301F-11D3-BF4B-00C04F79EFBC}") = "04. Santa's New List", "04. Santa's New List\04. Santa's New List.csproj", "{3865E1A7-78F2-4498-B047-27E11DE03FFF}"
EndProject
Global
	GlobalSection(SolutionConfigurationPlatforms) = preSolution
		Debug|Any CPU = Debug|Any CPU
		Release|Any CPU = Release|Any CPU
	EndGlobalSection
	GlobalSection(ProjectConfigurationPlatforms) = postSolution
		{DDF744E9-A6A1-46A4-82CC-37607C35939C}.Debug|Any CPU.ActiveCfg = Debug|Any CPU
		{DDF744E9-A6A1-46A4-82CC-37607C35939C}.Debug|Any CPU.Build.0 = Debug|Any CPU
		{DDF744E9-A6A1-46A4-82CC-37607C35939C}.Release|Any CPU.ActiveCfg = Release|Any CPU
		{DDF744E9-A6A1-46A4-82CC-37607C35939C}.Release|Any CPU.Build.0 = Release|Any CPU
		{C61CF873-70DB-41CE-BF60-378505E0461A}.Debug|Any CPU.ActiveCfg = Debug|Any CPU
		{C61CF873-70DB-41CE-BF60-378505E0461A}.Debug|Any CPU.Build.0 = Debug|Any CPU
		{C61CF873-70DB-41CE-BF60-378505E0461A}.Release|Any CPU.ActiveCfg = Release|Any CPU
		{C61CF873-70DB-41CE-BF60-378505E0461A}.Release|Any CPU.Build.0 = Release|Any CPU
		{2D8657CE-51C0-4057-AF38-FB1D62DCF7A9}.Debug|Any CPU.ActiveCfg = Debug|Any CPU
		{2D8657CE-51C0-4057-AF38-FB1D62DCF7A9}.Debug|Any CPU.Build.0 = Debug|Any CPU
		{2D8657CE-51C0-4057-AF38-FB1D62DCF7A9}.Release|Any CPU.ActiveCfg = Release|Any CPU
		{2D8657CE-51C0-4057-AF38-FB1D62DCF7A9}.Release|Any CPU.Build.0 = Release|Any CPU
		{3865E1A7-78F2-4498-B047-27E11DE03FFF}.Debug|Any CPU.ActiveCfg = Debug|Any CPU
		{3865E1A7-78F2-4498-B047-27E11DE03FFF}.Debug|Any CPU.Build.0 = Debug|Any CPU
		{3865E1A7-78F2-4498-B047-27E11DE03FFF}.Release|Any CPU.ActiveCfg = Release|Any CPU
		{3865E1A7-78F2-4498-B047-27E11DE03FFF}.Release|Any CPU.Build.0 = Release|Any CPU
	EndGlobalSection
	GlobalSection(SolutionProperties) = preSolution
		HideSolutionNode = FALSE
	EndGlobalSection
	GlobalSection(ExtensibilityGlobals) = postSolution
		SolutionGuid = {BA3682EC-B19D-4327-8041-0AE5DF876B34}
	EndGlobalSection
EndGlobal
