
Microsoft Visual Studio Solution File, Format Version 12.00
# Visual Studio Version 17
VisualStudioVersion = 17.5.33424.131
MinimumVisualStudioVersion = 10.0.40219.1
Project("{FAE04EC0-301F-11D3-BF4B-00C04F79EFBC}") = "01. Extract Person Information", "01. Extract Person Information\01. Extract Person Information.csproj", "{47C37120-78FD-4892-A7AA-AE372846F309}"
EndProject
Project("{FAE04EC0-301F-11D3-BF4B-00C04F79EFBC}") = "02. Ascii Sum", "02. Ascii Sum\02. Ascii Sum.csproj", "{9922477F-3849-4F34-A440-B833DDD858C9}"
EndProject
Project("{FAE04EC0-301F-11D3-BF4B-00C04F79EFBC}") = "03. Treasure", "03. Treasure\03. Treasure.csproj", "{66351256-5EB1-4438-AE1F-E9E4AC0F2EA3}"
EndProject
Project("{FAE04EC0-301F-11D3-BF4B-00C04F79EFBC}") = "04. Morse Code", "04. Morse Code\04. Morse Code.csproj", "{E7AD03C5-2462-4C86-B5B8-3FEE1F00F8F7}"
EndProject
Project("{FAE04EC0-301F-11D3-BF4B-00C04F79EFBC}") = "05. HTML", "05. HTML\05. HTML.csproj", "{ED770449-D874-4C04-808C-46AE22D135AA}"
EndProject
Global
	GlobalSection(SolutionConfigurationPlatforms) = preSolution
		Debug|Any CPU = Debug|Any CPU
		Release|Any CPU = Release|Any CPU
	EndGlobalSection
	GlobalSection(ProjectConfigurationPlatforms) = postSolution
		{47C37120-78FD-4892-A7AA-AE372846F309}.Debug|Any CPU.ActiveCfg = Debug|Any CPU
		{47C37120-78FD-4892-A7AA-AE372846F309}.Debug|Any CPU.Build.0 = Debug|Any CPU
		{47C37120-78FD-4892-A7AA-AE372846F309}.Release|Any CPU.ActiveCfg = Release|Any CPU
		{47C37120-78FD-4892-A7AA-AE372846F309}.Release|Any CPU.Build.0 = Release|Any CPU
		{9922477F-3849-4F34-A440-B833DDD858C9}.Debug|Any CPU.ActiveCfg = Debug|Any CPU
		{9922477F-3849-4F34-A440-B833DDD858C9}.Debug|Any CPU.Build.0 = Debug|Any CPU
		{9922477F-3849-4F34-A440-B833DDD858C9}.Release|Any CPU.ActiveCfg = Release|Any CPU
		{9922477F-3849-4F34-A440-B833DDD858C9}.Release|Any CPU.Build.0 = Release|Any CPU
		{66351256-5EB1-4438-AE1F-E9E4AC0F2EA3}.Debug|Any CPU.ActiveCfg = Debug|Any CPU
		{66351256-5EB1-4438-AE1F-E9E4AC0F2EA3}.Debug|Any CPU.Build.0 = Debug|Any CPU
		{66351256-5EB1-4438-AE1F-E9E4AC0F2EA3}.Release|Any CPU.ActiveCfg = Release|Any CPU
		{66351256-5EB1-4438-AE1F-E9E4AC0F2EA3}.Release|Any CPU.Build.0 = Release|Any CPU
		{E7AD03C5-2462-4C86-B5B8-3FEE1F00F8F7}.Debug|Any CPU.ActiveCfg = Debug|Any CPU
		{E7AD03C5-2462-4C86-B5B8-3FEE1F00F8F7}.Debug|Any CPU.Build.0 = Debug|Any CPU
		{E7AD03C5-2462-4C86-B5B8-3FEE1F00F8F7}.Release|Any CPU.ActiveCfg = Release|Any CPU
		{E7AD03C5-2462-4C86-B5B8-3FEE1F00F8F7}.Release|Any CPU.Build.0 = Release|Any CPU
		{ED770449-D874-4C04-808C-46AE22D135AA}.Debug|Any CPU.ActiveCfg = Debug|Any CPU
		{ED770449-D874-4C04-808C-46AE22D135AA}.Debug|Any CPU.Build.0 = Debug|Any CPU
		{ED770449-D874-4C04-808C-46AE22D135AA}.Release|Any CPU.ActiveCfg = Release|Any CPU
		{ED770449-D874-4C04-808C-46AE22D135AA}.Release|Any CPU.Build.0 = Release|Any CPU
	EndGlobalSection
	GlobalSection(SolutionProperties) = preSolution
		HideSolutionNode = FALSE
	EndGlobalSection
	GlobalSection(ExtensibilityGlobals) = postSolution
		SolutionGuid = {19DDA81E-A32E-4AB1-9D43-929CDE740767}
	EndGlobalSection
EndGlobal
