
Microsoft Visual Studio Solution File, Format Version 12.00
# Visual Studio Version 17
VisualStudioVersion = 17.5.33424.131
MinimumVisualStudioVersion = 10.0.40219.1
Project("{FAE04EC0-301F-11D3-BF4B-00C04F79EFBC}") = "01. Word Developing", "01. Word Developing\01. Word Developing.csproj", "{053C6294-48FF-4E2A-BBB8-D4936353AD5C}"
EndProject
Project("{FAE04EC0-301F-11D3-BF4B-00C04F79EFBC}") = "02. Message Encrypter", "02. Message Encrypter\02. Message Encrypter.csproj", "{F8990FE4-8B11-40F5-AC72-C033FB6791A7}"
EndProject
Project("{FAE04EC0-301F-11D3-BF4B-00C04F79EFBC}") = "03. Monthly Report", "03. Monthly Report\03. Monthly Report.csproj", "{F4FA6263-0DA4-4B67-AE0B-BAC2D466E365}"
EndProject
Global
	GlobalSection(SolutionConfigurationPlatforms) = preSolution
		Debug|Any CPU = Debug|Any CPU
		Release|Any CPU = Release|Any CPU
	EndGlobalSection
	GlobalSection(ProjectConfigurationPlatforms) = postSolution
		{053C6294-48FF-4E2A-BBB8-D4936353AD5C}.Debug|Any CPU.ActiveCfg = Debug|Any CPU
		{053C6294-48FF-4E2A-BBB8-D4936353AD5C}.Debug|Any CPU.Build.0 = Debug|Any CPU
		{053C6294-48FF-4E2A-BBB8-D4936353AD5C}.Release|Any CPU.ActiveCfg = Release|Any CPU
		{053C6294-48FF-4E2A-BBB8-D4936353AD5C}.Release|Any CPU.Build.0 = Release|Any CPU
		{F8990FE4-8B11-40F5-AC72-C033FB6791A7}.Debug|Any CPU.ActiveCfg = Debug|Any CPU
		{F8990FE4-8B11-40F5-AC72-C033FB6791A7}.Debug|Any CPU.Build.0 = Debug|Any CPU
		{F8990FE4-8B11-40F5-AC72-C033FB6791A7}.Release|Any CPU.ActiveCfg = Release|Any CPU
		{F8990FE4-8B11-40F5-AC72-C033FB6791A7}.Release|Any CPU.Build.0 = Release|Any CPU
		{F4FA6263-0DA4-4B67-AE0B-BAC2D466E365}.Debug|Any CPU.ActiveCfg = Debug|Any CPU
		{F4FA6263-0DA4-4B67-AE0B-BAC2D466E365}.Debug|Any CPU.Build.0 = Debug|Any CPU
		{F4FA6263-0DA4-4B67-AE0B-BAC2D466E365}.Release|Any CPU.ActiveCfg = Release|Any CPU
		{F4FA6263-0DA4-4B67-AE0B-BAC2D466E365}.Release|Any CPU.Build.0 = Release|Any CPU
	EndGlobalSection
	GlobalSection(SolutionProperties) = preSolution
		HideSolutionNode = FALSE
	EndGlobalSection
	GlobalSection(ExtensibilityGlobals) = postSolution
		SolutionGuid = {7BDDC683-E0A1-4280-88E8-BC3606F76868}
	EndGlobalSection
EndGlobal
